
Microsoft Visual Studio Solution File, Format Version 12.00
# Visual Studio 15
VisualStudioVersion = 15.0.28307.329
MinimumVisualStudioVersion = 10.0.40219.1
Project("{FAE04EC0-301F-11D3-BF4B-00C04F79EFBC}") = "ElectiveChoiceApp", "ElectiveChoiceApp\ElectiveChoiceApp.csproj", "{072D0B90-B480-4130-BB89-A6F1A2CF1A9C}"
EndProject
Global
	GlobalSection(SolutionConfigurationPlatforms) = preSolution
		Debug|Any CPU = Debug|Any CPU
		Release|Any CPU = Release|Any CPU
	EndGlobalSection
	GlobalSection(ProjectConfigurationPlatforms) = postSolution
		{072D0B90-B480-4130-BB89-A6F1A2CF1A9C}.Debug|Any CPU.ActiveCfg = Debug|Any CPU
		{072D0B90-B480-4130-BB89-A6F1A2CF1A9C}.Debug|Any CPU.Build.0 = Debug|Any CPU
		{072D0B90-B480-4130-BB89-A6F1A2CF1A9C}.Release|Any CPU.ActiveCfg = Release|Any CPU
		{072D0B90-B480-4130-BB89-A6F1A2CF1A9C}.Release|Any CPU.Build.0 = Release|Any CPU
	EndGlobalSection
	GlobalSection(SolutionProperties) = preSolution
		HideSolutionNode = FALSE
	EndGlobalSection
	GlobalSection(ExtensibilityGlobals) = postSolution
		SolutionGuid = {6A3DF04E-0658-4E0D-A3DB-FFB715AC22E0}
	EndGlobalSection
EndGlobal
